
Microsoft Visual Studio Solution File, Format Version 12.00
# Visual Studio 15
VisualStudioVersion = 15.0.27004.2010
MinimumVisualStudioVersion = 10.0.40219.1
Project("{FAE04EC0-301F-11D3-BF4B-00C04F79EFBC}") = "GeradorInstaladores.Web", "GeradorInstaladores\GeradorInstaladores.Web.csproj", "{85825DFD-79C4-42CD-9F22-A8C09468D24A}"
EndProject
Project("{FAE04EC0-301F-11D3-BF4B-00C04F79EFBC}") = "GeradorInstaladores.Infra", "GeradorInstaladores.Infra\GeradorInstaladores.Infra.csproj", "{0183F8A4-CBFF-4FA2-B0B0-22447E431353}"
EndProject
Global
	GlobalSection(SolutionConfigurationPlatforms) = preSolution
		Debug|Any CPU = Debug|Any CPU
		Release|Any CPU = Release|Any CPU
	EndGlobalSection
	GlobalSection(ProjectConfigurationPlatforms) = postSolution
		{85825DFD-79C4-42CD-9F22-A8C09468D24A}.Debug|Any CPU.ActiveCfg = Debug|Any CPU
		{85825DFD-79C4-42CD-9F22-A8C09468D24A}.Debug|Any CPU.Build.0 = Debug|Any CPU
		{85825DFD-79C4-42CD-9F22-A8C09468D24A}.Release|Any CPU.ActiveCfg = Release|Any CPU
		{85825DFD-79C4-42CD-9F22-A8C09468D24A}.Release|Any CPU.Build.0 = Release|Any CPU
		{0183F8A4-CBFF-4FA2-B0B0-22447E431353}.Debug|Any CPU.ActiveCfg = Debug|Any CPU
		{0183F8A4-CBFF-4FA2-B0B0-22447E431353}.Debug|Any CPU.Build.0 = Debug|Any CPU
		{0183F8A4-CBFF-4FA2-B0B0-22447E431353}.Release|Any CPU.ActiveCfg = Release|Any CPU
		{0183F8A4-CBFF-4FA2-B0B0-22447E431353}.Release|Any CPU.Build.0 = Release|Any CPU
	EndGlobalSection
	GlobalSection(SolutionProperties) = preSolution
		HideSolutionNode = FALSE
	EndGlobalSection
	GlobalSection(ExtensibilityGlobals) = postSolution
		SolutionGuid = {FF965EC5-B7AF-43D6-87F8-33D4A7E14965}
	EndGlobalSection
EndGlobal
